// !$*UTF8*$!
{
	archiveVersion = 1;
	classes = {
	};
	objectVersion = 54;
	objects = {

/* Begin PBXBuildFile section */
		B191E83425EEE96700D465AF /* MoonShotV2App.swift in Sources */ = {isa = PBXBuildFile; fileRef = B191E83325EEE96700D465AF /* MoonShotV2App.swift */; };
		B191E83625EEE96700D465AF /* ContentView.swift in Sources */ = {isa = PBXBuildFile; fileRef = B191E83525EEE96700D465AF /* ContentView.swift */; };
		B191E83825EEE96800D465AF /* Assets.xcassets in Resources */ = {isa = PBXBuildFile; fileRef = B191E83725EEE96800D465AF /* Assets.xcassets */; };
		B191E83B25EEE96800D465AF /* Preview Assets.xcassets in Resources */ = {isa = PBXBuildFile; fileRef = B191E83A25EEE96800D465AF /* Preview Assets.xcassets */; };
		B191E84625EEEAF700D465AF /* 00. Prologue.swift in Sources */ = {isa = PBXBuildFile; fileRef = B191E84525EEEAF700D465AF /* 00. Prologue.swift */; };
		B191E84A25EEED1A00D465AF /* 01. Moonshot- Introduction.swift in Sources */ = {isa = PBXBuildFile; fileRef = B191E84925EEED1A00D465AF /* 01. Moonshot- Introduction.swift */; };
		B191E84D25EEEEBF00D465AF /* 02. Resizing Images to Fit the Screen Using GeometryReader.swift in Sources */ = {isa = PBXBuildFile; fileRef = B191E84C25EEEEBF00D465AF /* 02. Resizing Images to Fit the Screen Using GeometryReader.swift */; };
		B191E85025EF006C00D465AF /* 03. How ScrollView lets us work with scrolling data.swift in Sources */ = {isa = PBXBuildFile; fileRef = B191E84F25EF006C00D465AF /* 03. How ScrollView lets us work with scrolling data.swift */; };
		B191E85325EF092300D465AF /* 04. Pushing New Views Onto the Stack Using NavigationLink.swift in Sources */ = {isa = PBXBuildFile; fileRef = B191E85225EF092300D465AF /* 04. Pushing New Views Onto the Stack Using NavigationLink.swift */; };
		B191E85625EF111700D465AF /* 05. Working with Hierarchical Codable Data.swift in Sources */ = {isa = PBXBuildFile; fileRef = B191E85525EF111700D465AF /* 05. Working with Hierarchical Codable Data.swift */; };
		B191E85E25EF19B900D465AF /* 00. TOC2.swift in Sources */ = {isa = PBXBuildFile; fileRef = B191E85D25EF19B900D465AF /* 00. TOC2.swift */; };
		B191E86225EF1CBF00D465AF /* 01. Loading a Specific Kind of Codable Data.swift in Sources */ = {isa = PBXBuildFile; fileRef = B191E86125EF1CBF00D465AF /* 01. Loading a Specific Kind of Codable Data.swift */; };
		B191E86625EF223700D465AF /* astronauts.json in Resources */ = {isa = PBXBuildFile; fileRef = B191E86425EF223700D465AF /* astronauts.json */; };
		B191E86725EF223700D465AF /* missions.json in Resources */ = {isa = PBXBuildFile; fileRef = B191E86525EF223700D465AF /* missions.json */; };
		B191E86A25EF251A00D465AF /* Astronaut.swift in Sources */ = {isa = PBXBuildFile; fileRef = B191E86925EF251A00D465AF /* Astronaut.swift */; };
		B191E86D25EF258D00D465AF /* Bundle-Decodable.swift in Sources */ = {isa = PBXBuildFile; fileRef = B191E86C25EF258D00D465AF /* Bundle-Decodable.swift */; };
		B191E87025EF276400D465AF /* 02. Using Generics to Load Any Kind of Codable Data.swift in Sources */ = {isa = PBXBuildFile; fileRef = B191E86F25EF276400D465AF /* 02. Using Generics to Load Any Kind of Codable Data.swift */; };
		B191E87325EF320900D465AF /* Mission.swift in Sources */ = {isa = PBXBuildFile; fileRef = B191E87225EF320900D465AF /* Mission.swift */; };
		B191E87625EF34BD00D465AF /* 03. Formatting Our Mission View.swift in Sources */ = {isa = PBXBuildFile; fileRef = B191E87525EF34BD00D465AF /* 03. Formatting Our Mission View.swift */; };
		B191E87A25F02CA400D465AF /* 00. TOC3.swift in Sources */ = {isa = PBXBuildFile; fileRef = B191E87925F02CA400D465AF /* 00. TOC3.swift */; };
		B191E87D25F02EA700D465AF /* 01. Showing Mission Details with ScrollView and GeometryReader.swift in Sources */ = {isa = PBXBuildFile; fileRef = B191E87C25F02EA700D465AF /* 01. Showing Mission Details with ScrollView and GeometryReader.swift */; };
		B191E88425F0340600D465AF /* MissionView.swift in Sources */ = {isa = PBXBuildFile; fileRef = B191E88325F0340600D465AF /* MissionView.swift */; };
		B1C9CD8F25F0463B006BC24C /* 02. Merging Codable structs using first(where).swift in Sources */ = {isa = PBXBuildFile; fileRef = B1C9CD8E25F0463B006BC24C /* 02. Merging Codable structs using first(where).swift */; };
/* End PBXBuildFile section */

/* Begin PBXFileReference section */
		B191E83025EEE96700D465AF /* MoonShotV2.app */ = {isa = PBXFileReference; explicitFileType = wrapper.application; includeInIndex = 0; path = MoonShotV2.app; sourceTree = BUILT_PRODUCTS_DIR; };
		B191E83325EEE96700D465AF /* MoonShotV2App.swift */ = {isa = PBXFileReference; lastKnownFileType = sourcecode.swift; path = MoonShotV2App.swift; sourceTree = "<group>"; };
		B191E83525EEE96700D465AF /* ContentView.swift */ = {isa = PBXFileReference; lastKnownFileType = sourcecode.swift; path = ContentView.swift; sourceTree = "<group>"; };
		B191E83725EEE96800D465AF /* Assets.xcassets */ = {isa = PBXFileReference; lastKnownFileType = folder.assetcatalog; path = Assets.xcassets; sourceTree = "<group>"; };
		B191E83A25EEE96800D465AF /* Preview Assets.xcassets */ = {isa = PBXFileReference; lastKnownFileType = folder.assetcatalog; path = "Preview Assets.xcassets"; sourceTree = "<group>"; };
		B191E83C25EEE96800D465AF /* Info.plist */ = {isa = PBXFileReference; lastKnownFileType = text.plist.xml; path = Info.plist; sourceTree = "<group>"; };
		B191E84525EEEAF700D465AF /* 00. Prologue.swift */ = {isa = PBXFileReference; lastKnownFileType = sourcecode.swift; path = "00. Prologue.swift"; sourceTree = "<group>"; };
		B191E84925EEED1A00D465AF /* 01. Moonshot- Introduction.swift */ = {isa = PBXFileReference; lastKnownFileType = sourcecode.swift; path = "01. Moonshot- Introduction.swift"; sourceTree = "<group>"; };
		B191E84C25EEEEBF00D465AF /* 02. Resizing Images to Fit the Screen Using GeometryReader.swift */ = {isa = PBXFileReference; lastKnownFileType = sourcecode.swift; path = "02. Resizing Images to Fit the Screen Using GeometryReader.swift"; sourceTree = "<group>"; };
		B191E84F25EF006C00D465AF /* 03. How ScrollView lets us work with scrolling data.swift */ = {isa = PBXFileReference; lastKnownFileType = sourcecode.swift; path = "03. How ScrollView lets us work with scrolling data.swift"; sourceTree = "<group>"; };
		B191E85225EF092300D465AF /* 04. Pushing New Views Onto the Stack Using NavigationLink.swift */ = {isa = PBXFileReference; lastKnownFileType = sourcecode.swift; path = "04. Pushing New Views Onto the Stack Using NavigationLink.swift"; sourceTree = "<group>"; };
		B191E85525EF111700D465AF /* 05. Working with Hierarchical Codable Data.swift */ = {isa = PBXFileReference; lastKnownFileType = sourcecode.swift; path = "05. Working with Hierarchical Codable Data.swift"; sourceTree = "<group>"; };
		B191E85D25EF19B900D465AF /* 00. TOC2.swift */ = {isa = PBXFileReference; lastKnownFileType = sourcecode.swift; path = "00. TOC2.swift"; sourceTree = "<group>"; };
		B191E86125EF1CBF00D465AF /* 01. Loading a Specific Kind of Codable Data.swift */ = {isa = PBXFileReference; lastKnownFileType = sourcecode.swift; path = "01. Loading a Specific Kind of Codable Data.swift"; sourceTree = "<group>"; };
		B191E86425EF223700D465AF /* astronauts.json */ = {isa = PBXFileReference; fileEncoding = 4; lastKnownFileType = text.json; path = astronauts.json; sourceTree = "<group>"; };
		B191E86525EF223700D465AF /* missions.json */ = {isa = PBXFileReference; fileEncoding = 4; lastKnownFileType = text.json; path = missions.json; sourceTree = "<group>"; };
		B191E86925EF251A00D465AF /* Astronaut.swift */ = {isa = PBXFileReference; lastKnownFileType = sourcecode.swift; path = Astronaut.swift; sourceTree = "<group>"; };
		B191E86C25EF258D00D465AF /* Bundle-Decodable.swift */ = {isa = PBXFileReference; lastKnownFileType = sourcecode.swift; path = "Bundle-Decodable.swift"; sourceTree = "<group>"; };
		B191E86F25EF276400D465AF /* 02. Using Generics to Load Any Kind of Codable Data.swift */ = {isa = PBXFileReference; lastKnownFileType = sourcecode.swift; path = "02. Using Generics to Load Any Kind of Codable Data.swift"; sourceTree = "<group>"; };
		B191E87225EF320900D465AF /* Mission.swift */ = {isa = PBXFileReference; lastKnownFileType = sourcecode.swift; path = Mission.swift; sourceTree = "<group>"; };
		B191E87525EF34BD00D465AF /* 03. Formatting Our Mission View.swift */ = {isa = PBXFileReference; lastKnownFileType = sourcecode.swift; path = "03. Formatting Our Mission View.swift"; sourceTree = "<group>"; };
		B191E87925F02CA400D465AF /* 00. TOC3.swift */ = {isa = PBXFileReference; lastKnownFileType = sourcecode.swift; path = "00. TOC3.swift"; sourceTree = "<group>"; };
		B191E87C25F02EA700D465AF /* 01. Showing Mission Details with ScrollView and GeometryReader.swift */ = {isa = PBXFileReference; lastKnownFileType = sourcecode.swift; path = "01. Showing Mission Details with ScrollView and GeometryReader.swift"; sourceTree = "<group>"; };
		B191E88325F0340600D465AF /* MissionView.swift */ = {isa = PBXFileReference; lastKnownFileType = sourcecode.swift; path = MissionView.swift; sourceTree = "<group>"; };
		B1C9CD8E25F0463B006BC24C /* 02. Merging Codable structs using first(where).swift */ = {isa = PBXFileReference; lastKnownFileType = sourcecode.swift; path = "02. Merging Codable structs using first(where).swift"; sourceTree = "<group>"; };
/* End PBXFileReference section */

/* Begin PBXFrameworksBuildPhase section */
		B191E82D25EEE96700D465AF /* Frameworks */ = {
			isa = PBXFrameworksBuildPhase;
			buildActionMask = 2147483647;
			files = (
			);
			runOnlyForDeploymentPostprocessing = 0;
		};
/* End PBXFrameworksBuildPhase section */

/* Begin PBXGroup section */
		B191E82725EEE96700D465AF = {
			isa = PBXGroup;
			children = (
				B191E83225EEE96700D465AF /* MoonShotV2 */,
				B191E83125EEE96700D465AF /* Products */,
			);
			sourceTree = "<group>";
		};
		B191E83125EEE96700D465AF /* Products */ = {
			isa = PBXGroup;
			children = (
				B191E83025EEE96700D465AF /* MoonShotV2.app */,
			);
			name = Products;
			sourceTree = "<group>";
		};
		B191E83225EEE96700D465AF /* MoonShotV2 */ = {
			isa = PBXGroup;
			children = (
				B191E83325EEE96700D465AF /* MoonShotV2App.swift */,
				B191E83525EEE96700D465AF /* ContentView.swift */,
				B191E84425EEEAC400D465AF /* Notes */,
				B191E87825F02C8200D465AF /* Day Three */,
				B191E83725EEE96800D465AF /* Assets.xcassets */,
				B191E86425EF223700D465AF /* astronauts.json */,
				B191E86525EF223700D465AF /* missions.json */,
				B191E86925EF251A00D465AF /* Astronaut.swift */,
				B191E86C25EF258D00D465AF /* Bundle-Decodable.swift */,
				B191E87225EF320900D465AF /* Mission.swift */,
				B191E88325F0340600D465AF /* MissionView.swift */,
				B191E83C25EEE96800D465AF /* Info.plist */,
				B191E83925EEE96800D465AF /* Preview Content */,
			);
			path = MoonShotV2;
			sourceTree = "<group>";
		};
		B191E83925EEE96800D465AF /* Preview Content */ = {
			isa = PBXGroup;
			children = (
				B191E83A25EEE96800D465AF /* Preview Assets.xcassets */,
			);
			path = "Preview Content";
			sourceTree = "<group>";
		};
		B191E84425EEEAC400D465AF /* Notes */ = {
			isa = PBXGroup;
			children = (
				B191E85A25EF197800D465AF /* Day One */,
				B191E85C25EF199D00D465AF /* Day Two */,
			);
			path = Notes;
			sourceTree = "<group>";
		};
		B191E85A25EF197800D465AF /* Day One */ = {
			isa = PBXGroup;
			children = (
				B191E84525EEEAF700D465AF /* 00. Prologue.swift */,
				B191E84925EEED1A00D465AF /* 01. Moonshot- Introduction.swift */,
				B191E84C25EEEEBF00D465AF /* 02. Resizing Images to Fit the Screen Using GeometryReader.swift */,
				B191E84F25EF006C00D465AF /* 03. How ScrollView lets us work with scrolling data.swift */,
				B191E85225EF092300D465AF /* 04. Pushing New Views Onto the Stack Using NavigationLink.swift */,
				B191E85525EF111700D465AF /* 05. Working with Hierarchical Codable Data.swift */,
			);
			path = "Day One";
			sourceTree = "<group>";
		};
		B191E85C25EF199D00D465AF /* Day Two */ = {
			isa = PBXGroup;
			children = (
				B191E85D25EF19B900D465AF /* 00. TOC2.swift */,
				B191E86125EF1CBF00D465AF /* 01. Loading a Specific Kind of Codable Data.swift */,
				B191E86F25EF276400D465AF /* 02. Using Generics to Load Any Kind of Codable Data.swift */,
				B191E87525EF34BD00D465AF /* 03. Formatting Our Mission View.swift */,
			);
			path = "Day Two";
			sourceTree = "<group>";
		};
		B191E87825F02C8200D465AF /* Day Three */ = {
			isa = PBXGroup;
			children = (
				B191E87925F02CA400D465AF /* 00. TOC3.swift */,
				B191E87C25F02EA700D465AF /* 01. Showing Mission Details with ScrollView and GeometryReader.swift */,
				B1C9CD8E25F0463B006BC24C /* 02. Merging Codable structs using first(where).swift */,
			);
			path = "Day Three";
			sourceTree = "<group>";
		};
/* End PBXGroup section */

/* Begin PBXNativeTarget section */
		B191E82F25EEE96700D465AF /* MoonShotV2 */ = {
			isa = PBXNativeTarget;
			buildConfigurationList = B191E83F25EEE96800D465AF /* Build configuration list for PBXNativeTarget "MoonShotV2" */;
			buildPhases = (
				B191E82C25EEE96700D465AF /* Sources */,
				B191E82D25EEE96700D465AF /* Frameworks */,
				B191E82E25EEE96700D465AF /* Resources */,
			);
			buildRules = (
			);
			dependencies = (
			);
			name = MoonShotV2;
			productName = MoonShotV2;
			productReference = B191E83025EEE96700D465AF /* MoonShotV2.app */;
			productType = "com.apple.product-type.application";
		};
/* End PBXNativeTarget section */

/* Begin PBXProject section */
		B191E82825EEE96700D465AF /* Project object */ = {
			isa = PBXProject;
			attributes = {
				LastSwiftUpdateCheck = 1230;
				LastUpgradeCheck = 1230;
				TargetAttributes = {
					B191E82F25EEE96700D465AF = {
						CreatedOnToolsVersion = 12.3;
					};
				};
			};
			buildConfigurationList = B191E82B25EEE96700D465AF /* Build configuration list for PBXProject "MoonShotV2" */;
			compatibilityVersion = "Xcode 12.0";
			developmentRegion = en;
			hasScannedForEncodings = 0;
			knownRegions = (
				en,
				Base,
			);
			mainGroup = B191E82725EEE96700D465AF;
			productRefGroup = B191E83125EEE96700D465AF /* Products */;
			projectDirPath = "";
			projectRoot = "";
			targets = (
				B191E82F25EEE96700D465AF /* MoonShotV2 */,
			);
		};
/* End PBXProject section */

/* Begin PBXResourcesBuildPhase section */
		B191E82E25EEE96700D465AF /* Resources */ = {
			isa = PBXResourcesBuildPhase;
			buildActionMask = 2147483647;
			files = (
				B191E86625EF223700D465AF /* astronauts.json in Resources */,
				B191E83B25EEE96800D465AF /* Preview Assets.xcassets in Resources */,
				B191E86725EF223700D465AF /* missions.json in Resources */,
				B191E83825EEE96800D465AF /* Assets.xcassets in Resources */,
			);
			runOnlyForDeploymentPostprocessing = 0;
		};
/* End PBXResourcesBuildPhase section */

/* Begin PBXSourcesBuildPhase section */
		B191E82C25EEE96700D465AF /* Sources */ = {
			isa = PBXSourcesBuildPhase;
			buildActionMask = 2147483647;
			files = (
				B191E84A25EEED1A00D465AF /* 01. Moonshot- Introduction.swift in Sources */,
				B191E87025EF276400D465AF /* 02. Using Generics to Load Any Kind of Codable Data.swift in Sources */,
				B191E87D25F02EA700D465AF /* 01. Showing Mission Details with ScrollView and GeometryReader.swift in Sources */,
				B191E86A25EF251A00D465AF /* Astronaut.swift in Sources */,
				B191E83625EEE96700D465AF /* ContentView.swift in Sources */,
				B191E88425F0340600D465AF /* MissionView.swift in Sources */,
				B191E85325EF092300D465AF /* 04. Pushing New Views Onto the Stack Using NavigationLink.swift in Sources */,
				B191E87625EF34BD00D465AF /* 03. Formatting Our Mission View.swift in Sources */,
				B191E86225EF1CBF00D465AF /* 01. Loading a Specific Kind of Codable Data.swift in Sources */,
				B191E84D25EEEEBF00D465AF /* 02. Resizing Images to Fit the Screen Using GeometryReader.swift in Sources */,
				B191E85025EF006C00D465AF /* 03. How ScrollView lets us work with scrolling data.swift in Sources */,
				B191E83425EEE96700D465AF /* MoonShotV2App.swift in Sources */,
				B1C9CD8F25F0463B006BC24C /* 02. Merging Codable structs using first(where).swift in Sources */,
				B191E85625EF111700D465AF /* 05. Working with Hierarchical Codable Data.swift in Sources */,
				B191E85E25EF19B900D465AF /* 00. TOC2.swift in Sources */,
				B191E87A25F02CA400D465AF /* 00. TOC3.swift in Sources */,
				B191E84625EEEAF700D465AF /* 00. Prologue.swift in Sources */,
				B191E87325EF320900D465AF /* Mission.swift in Sources */,
				B191E86D25EF258D00D465AF /* Bundle-Decodable.swift in Sources */,
			);
			runOnlyForDeploymentPostprocessing = 0;
		};
/* End PBXSourcesBuildPhase section */

/* Begin XCBuildConfiguration section */
		B191E83D25EEE96800D465AF /* Debug */ = {
			isa = XCBuildConfiguration;
			buildSettings = {
				ALWAYS_SEARCH_USER_PATHS = NO;
				CLANG_ANALYZER_NONNULL = YES;
				CLANG_ANALYZER_NUMBER_OBJECT_CONVERSION = YES_AGGRESSIVE;
				CLANG_CXX_LANGUAGE_STANDARD = "gnu++14";
				CLANG_CXX_LIBRARY = "libc++";
				CLANG_ENABLE_MODULES = YES;
				CLANG_ENABLE_OBJC_ARC = YES;
				CLANG_ENABLE_OBJC_WEAK = YES;
				CLANG_WARN_BLOCK_CAPTURE_AUTORELEASING = YES;
				CLANG_WARN_BOOL_CONVERSION = YES;
				CLANG_WARN_COMMA = YES;
				CLANG_WARN_CONSTANT_CONVERSION = YES;
				CLANG_WARN_DEPRECATED_OBJC_IMPLEMENTATIONS = YES;
				CLANG_WARN_DIRECT_OBJC_ISA_USAGE = YES_ERROR;
				CLANG_WARN_DOCUMENTATION_COMMENTS = YES;
				CLANG_WARN_EMPTY_BODY = YES;
				CLANG_WARN_ENUM_CONVERSION = YES;
				CLANG_WARN_INFINITE_RECURSION = YES;
				CLANG_WARN_INT_CONVERSION = YES;
				CLANG_WARN_NON_LITERAL_NULL_CONVERSION = YES;
				CLANG_WARN_OBJC_IMPLICIT_RETAIN_SELF = YES;
				CLANG_WARN_OBJC_LITERAL_CONVERSION = YES;
				CLANG_WARN_OBJC_ROOT_CLASS = YES_ERROR;
				CLANG_WARN_QUOTED_INCLUDE_IN_FRAMEWORK_HEADER = YES;
				CLANG_WARN_RANGE_LOOP_ANALYSIS = YES;
				CLANG_WARN_STRICT_PROTOTYPES = YES;
				CLANG_WARN_SUSPICIOUS_MOVE = YES;
				CLANG_WARN_UNGUARDED_AVAILABILITY = YES_AGGRESSIVE;
				CLANG_WARN_UNREACHABLE_CODE = YES;
				CLANG_WARN__DUPLICATE_METHOD_MATCH = YES;
				COPY_PHASE_STRIP = NO;
				DEBUG_INFORMATION_FORMAT = dwarf;
				ENABLE_STRICT_OBJC_MSGSEND = YES;
				ENABLE_TESTABILITY = YES;
				GCC_C_LANGUAGE_STANDARD = gnu11;
				GCC_DYNAMIC_NO_PIC = NO;
				GCC_NO_COMMON_BLOCKS = YES;
				GCC_OPTIMIZATION_LEVEL = 0;
				GCC_PREPROCESSOR_DEFINITIONS = (
					"DEBUG=1",
					"$(inherited)",
				);
				GCC_WARN_64_TO_32_BIT_CONVERSION = YES;
				GCC_WARN_ABOUT_RETURN_TYPE = YES_ERROR;
				GCC_WARN_UNDECLARED_SELECTOR = YES;
				GCC_WARN_UNINITIALIZED_AUTOS = YES_AGGRESSIVE;
				GCC_WARN_UNUSED_FUNCTION = YES;
				GCC_WARN_UNUSED_VARIABLE = YES;
				IPHONEOS_DEPLOYMENT_TARGET = 14.3;
				MTL_ENABLE_DEBUG_INFO = INCLUDE_SOURCE;
				MTL_FAST_MATH = YES;
				ONLY_ACTIVE_ARCH = YES;
				SDKROOT = iphoneos;
				SWIFT_ACTIVE_COMPILATION_CONDITIONS = DEBUG;
				SWIFT_OPTIMIZATION_LEVEL = "-Onone";
				SWIFT_VERSION = 5.0;
			};
			name = Debug;
		};
		B191E83E25EEE96800D465AF /* Release */ = {
			isa = XCBuildConfiguration;
			buildSettings = {
				ALWAYS_SEARCH_USER_PATHS = NO;
				CLANG_ANALYZER_NONNULL = YES;
				CLANG_ANALYZER_NUMBER_OBJECT_CONVERSION = YES_AGGRESSIVE;
				CLANG_CXX_LANGUAGE_STANDARD = "gnu++14";
				CLANG_CXX_LIBRARY = "libc++";
				CLANG_ENABLE_MODULES = YES;
				CLANG_ENABLE_OBJC_ARC = YES;
				CLANG_ENABLE_OBJC_WEAK = YES;
				CLANG_WARN_BLOCK_CAPTURE_AUTORELEASING = YES;
				CLANG_WARN_BOOL_CONVERSION = YES;
				CLANG_WARN_COMMA = YES;
				CLANG_WARN_CONSTANT_CONVERSION = YES;
				CLANG_WARN_DEPRECATED_OBJC_IMPLEMENTATIONS = YES;
				CLANG_WARN_DIRECT_OBJC_ISA_USAGE = YES_ERROR;
				CLANG_WARN_DOCUMENTATION_COMMENTS = YES;
				CLANG_WARN_EMPTY_BODY = YES;
				CLANG_WARN_ENUM_CONVERSION = YES;
				CLANG_WARN_INFINITE_RECURSION = YES;
				CLANG_WARN_INT_CONVERSION = YES;
				CLANG_WARN_NON_LITERAL_NULL_CONVERSION = YES;
				CLANG_WARN_OBJC_IMPLICIT_RETAIN_SELF = YES;
				CLANG_WARN_OBJC_LITERAL_CONVERSION = YES;
				CLANG_WARN_OBJC_ROOT_CLASS = YES_ERROR;
				CLANG_WARN_QUOTED_INCLUDE_IN_FRAMEWORK_HEADER = YES;
				CLANG_WARN_RANGE_LOOP_ANALYSIS = YES;
				CLANG_WARN_STRICT_PROTOTYPES = YES;
				CLANG_WARN_SUSPICIOUS_MOVE = YES;
				CLANG_WARN_UNGUARDED_AVAILABILITY = YES_AGGRESSIVE;
				CLANG_WARN_UNREACHABLE_CODE = YES;
				CLANG_WARN__DUPLICATE_METHOD_MATCH = YES;
				COPY_PHASE_STRIP = NO;
				DEBUG_INFORMATION_FORMAT = "dwarf-with-dsym";
				ENABLE_NS_ASSERTIONS = NO;
				ENABLE_STRICT_OBJC_MSGSEND = YES;
				GCC_C_LANGUAGE_STANDARD = gnu11;
				GCC_NO_COMMON_BLOCKS = YES;
				GCC_WARN_64_TO_32_BIT_CONVERSION = YES;
				GCC_WARN_ABOUT_RETURN_TYPE = YES_ERROR;
				GCC_WARN_UNDECLARED_SELECTOR = YES;
				GCC_WARN_UNINITIALIZED_AUTOS = YES_AGGRESSIVE;
				GCC_WARN_UNUSED_FUNCTION = YES;
				GCC_WARN_UNUSED_VARIABLE = YES;
				IPHONEOS_DEPLOYMENT_TARGET = 14.3;
				MTL_ENABLE_DEBUG_INFO = NO;
				MTL_FAST_MATH = YES;
				ONLY_ACTIVE_ARCH = YES;
				SDKROOT = iphoneos;
				SWIFT_COMPILATION_MODE = wholemodule;
				SWIFT_OPTIMIZATION_LEVEL = "-O";
				SWIFT_VERSION = 5.0;
				VALIDATE_PRODUCT = YES;
			};
			name = Release;
		};
		B191E84025EEE96800D465AF /* Debug */ = {
			isa = XCBuildConfiguration;
			buildSettings = {
				ASSETCATALOG_COMPILER_APPICON_NAME = AppIcon;
				ASSETCATALOG_COMPILER_GLOBAL_ACCENT_COLOR_NAME = AccentColor;
				CODE_SIGN_STYLE = Automatic;
				DEVELOPMENT_ASSET_PATHS = "\"MoonShotV2/Preview Content\"";
				DEVELOPMENT_TEAM = F23TSX4L63;
				ENABLE_PREVIEWS = YES;
				INFOPLIST_FILE = MoonShotV2/Info.plist;
				IPHONEOS_DEPLOYMENT_TARGET = 14.3;
				LD_RUNPATH_SEARCH_PATHS = (
					"$(inherited)",
					"@executable_path/Frameworks",
				);
				PRODUCT_BUNDLE_IDENTIFIER = austinDynamics.MoonShotV2;
				PRODUCT_NAME = "$(TARGET_NAME)";
				SWIFT_VERSION = 5.0;
				TARGETED_DEVICE_FAMILY = "1,2";
			};
			name = Debug;
		};
		B191E84125EEE96800D465AF /* Release */ = {
			isa = XCBuildConfiguration;
			buildSettings = {
				ASSETCATALOG_COMPILER_APPICON_NAME = AppIcon;
				ASSETCATALOG_COMPILER_GLOBAL_ACCENT_COLOR_NAME = AccentColor;
				CODE_SIGN_STYLE = Automatic;
				DEVELOPMENT_ASSET_PATHS = "\"MoonShotV2/Preview Content\"";
				DEVELOPMENT_TEAM = F23TSX4L63;
				ENABLE_PREVIEWS = YES;
				INFOPLIST_FILE = MoonShotV2/Info.plist;
				IPHONEOS_DEPLOYMENT_TARGET = 14.3;
				LD_RUNPATH_SEARCH_PATHS = (
					"$(inherited)",
					"@executable_path/Frameworks",
				);
				PRODUCT_BUNDLE_IDENTIFIER = austinDynamics.MoonShotV2;
				PRODUCT_NAME = "$(TARGET_NAME)";
				SWIFT_VERSION = 5.0;
				TARGETED_DEVICE_FAMILY = "1,2";
			};
			name = Release;
		};
/* End XCBuildConfiguration section */

/* Begin XCConfigurationList section */
		B191E82B25EEE96700D465AF /* Build configuration list for PBXProject "MoonShotV2" */ = {
			isa = XCConfigurationList;
			buildConfigurations = (
				B191E83D25EEE96800D465AF /* Debug */,
				B191E83E25EEE96800D465AF /* Release */,
			);
			defaultConfigurationIsVisible = 0;
			defaultConfigurationName = Release;
		};
		B191E83F25EEE96800D465AF /* Build configuration list for PBXNativeTarget "MoonShotV2" */ = {
			isa = XCConfigurationList;
			buildConfigurations = (
				B191E84025EEE96800D465AF /* Debug */,
				B191E84125EEE96800D465AF /* Release */,
			);
			defaultConfigurationIsVisible = 0;
			defaultConfigurationName = Release;
		};
/* End XCConfigurationList section */
	};
	rootObject = B191E82825EEE96700D465AF /* Project object */;
}
